{
  "name": "pixi-dynamic-bitmap-fonts",
  "version": "0.0.118",
  "lockfileVersion": 1,
  "requires": true,
  "dependencies": {
    "@pixi/constants": {
      "version": "6.1.2",
      "resolved": "https://registry.npmjs.org/@pixi/constants/-/constants-6.1.2.tgz",
      "integrity": "sha512-rPHWzGDI/PKD0/p8mrsoednpDhbvfidcen2Vozz7KNO5SS/ljqyiZLEbHwYK/xhc2Z7QvXVuDuPaWl9FBCRiQg=="
    },
    "@pixi/core": {
      "version": "6.1.2",
      "resolved": "https://registry.npmjs.org/@pixi/core/-/core-6.1.2.tgz",
      "integrity": "sha512-S+f0qmVkrePor2XKA6A70Axo8ui+HiZgkl1J7AWVtl6MI49+3tXra9Ww3xmp/6jEdIUQyyN5sC8cg8dF/lgmBw=="
    },
    "@pixi/display": {
      "version": "6.1.2",
      "resolved": "https://registry.npmjs.org/@pixi/display/-/display-6.1.2.tgz",
      "integrity": "sha512-JbX9GF6kOg8n8mcOFvcVZBpDRZtB/u7I+L0taOMHHtQ16bdBQ9+CxYgvOi9FLyWQNKl4utnnviQx4t8Km01POQ=="
    },
    "@pixi/sprite": {
      "version": "6.1.2",
      "resolved": "https://registry.npmjs.org/@pixi/sprite/-/sprite-6.1.2.tgz",
      "integrity": "sha512-AzK2UW+VcZ+6sKW++9qokhSMFG35zSAOpRoWk5QgRhbVkdh2L0BB7nK5Z8PZgqmTGCzSq2NvVlzosryPWmLMNw=="
    },
    "@pixi/text": {
      "version": "6.1.2",
      "resolved": "https://registry.npmjs.org/@pixi/text/-/text-6.1.2.tgz",
      "integrity": "sha512-9JQ4hEanM946uMvjg4a7uIhnAoGYE6lyxwDUlHw4j/o+8jYN49STc64G+s9Rj7iRw76tudqM2ejphBE+rzC0XQ=="
    },
    "@pixi/text-bitmap": {
      "version": "6.1.2",
      "resolved": "https://registry.npmjs.org/@pixi/text-bitmap/-/text-bitmap-6.1.2.tgz",
      "integrity": "sha512-QpvFC9izghqVo4zkj5mS6PmqKVtd8ArdapYxbxOVystE+gI8IKq7ZJgvvPuaj+9aqCUy20jiMPoLvfSyVGIhUg=="
    },
    "@types/node": {
      "version": "14.14.35",
      "resolved": "https://registry.npmjs.org/@types/node/-/node-14.14.35.tgz",
      "integrity": "sha512-Lt+wj8NVPx0zUmUwumiVXapmaLUcAk3yPuHCFVXras9k5VT9TdhJqKqGVUQCD60OTMCl0qxJ57OiTL0Mic3Iag==",
      "dev": true
    },
    "@types/typescript": {
      "version": "2.0.0",
      "resolved": "https://registry.npmjs.org/@types/typescript/-/typescript-2.0.0.tgz",
      "integrity": "sha1-xDNTnJi64oaCswfqp6D9IRW4PCg=",
      "dev": true,
      "requires": {
        "typescript": "*"
      }
    },
    "typescript": {
      "version": "4.2.3",
      "resolved": "https://registry.npmjs.org/typescript/-/typescript-4.2.3.tgz",
      "integrity": "sha512-qOcYwxaByStAWrBf4x0fibwZvMRG+r4cQoTjbPtUlrWjBHbmCAww1i448U0GJ+3cNNEtebDteo/cHOR3xJ4wEw==",
      "dev": true
    }
  }
}
